// !$*UTF8*$!
{
	archiveVersion = 1;
	classes = {
	};
	objectVersion = 50;
	objects = {

/* Begin PBXBuildFile section */
		8217936E2231168600008C0E /* Lesson 5.cpp in Sources */ = {isa = PBXBuildFile; fileRef = 8217936C2231168600008C0E /* Lesson 5.cpp */; };
/* End PBXBuildFile section */

/* Begin PBXCopyFilesBuildPhase section */
		82CAE031216F600F00087482 /* CopyFiles */ = {
			isa = PBXCopyFilesBuildPhase;
			buildActionMask = 2147483647;
			dstPath = /usr/share/man/man1/;
			dstSubfolderSpec = 0;
			files = (
			);
			runOnlyForDeploymentPostprocessing = 1;
		};
/* End PBXCopyFilesBuildPhase section */

/* Begin PBXFileReference section */
		821793612230F90D00008C0E /* Lesson 6.7 - while loop.cpp */ = {isa = PBXFileReference; lastKnownFileType = sourcecode.cpp.cpp; path = "Lesson 6.7 - while loop.cpp"; sourceTree = "<group>"; };
		8217936322310DC100008C0E /* Lesson 6.8 - for loop.cpp */ = {isa = PBXFileReference; lastKnownFileType = sourcecode.cpp.cpp; path = "Lesson 6.8 - for loop.cpp"; sourceTree = "<group>"; };
		821793662231136500008C0E /* Lesson 6.9 - for loop 2.cpp */ = {isa = PBXFileReference; lastKnownFileType = sourcecode.cpp.cpp; path = "Lesson 6.9 - for loop 2.cpp"; sourceTree = "<group>"; };
		8217936C2231168600008C0E /* Lesson 5.cpp */ = {isa = PBXFileReference; lastKnownFileType = sourcecode.cpp.cpp; path = "Lesson 5.cpp"; sourceTree = SOURCE_ROOT; };
		827C297E22228844005D86E1 /* Lesson 1 - Exercise.cpp */ = {isa = PBXFileReference; fileEncoding = 4; lastKnownFileType = sourcecode.cpp.cpp; path = "Lesson 1 - Exercise.cpp"; sourceTree = "<group>"; };
		827C298022228C09005D86E1 /* Lesson 2.cpp */ = {isa = PBXFileReference; lastKnownFileType = sourcecode.cpp.cpp; path = "Lesson 2.cpp"; sourceTree = "<group>"; };
		827FE5E0222E301A006B38E2 /* Lesson 4.5 - C-style string.cpp */ = {isa = PBXFileReference; fileEncoding = 4; lastKnownFileType = sourcecode.cpp.cpp; path = "Lesson 4.5 - C-style string.cpp"; sourceTree = "<group>"; };
		827FE5E1222E301A006B38E2 /* Lesson 4.6 - C++ string.cpp */ = {isa = PBXFileReference; fileEncoding = 4; lastKnownFileType = sourcecode.cpp.cpp; path = "Lesson 4.6 - C++ string.cpp"; sourceTree = "<group>"; };
		827FE5E2222E301A006B38E2 /* Lesson 4.1  - enum.cpp */ = {isa = PBXFileReference; fileEncoding = 4; lastKnownFileType = sourcecode.cpp.cpp; path = "Lesson 4.1  - enum.cpp"; sourceTree = "<group>"; };
		827FE5E3222E301A006B38E2 /* Lesson 4.3 - 2D array.cpp */ = {isa = PBXFileReference; fileEncoding = 4; lastKnownFileType = sourcecode.cpp.cpp; path = "Lesson 4.3 - 2D array.cpp"; sourceTree = "<group>"; };
		827FE5E4222E301A006B38E2 /* Exercise 4.cpp */ = {isa = PBXFileReference; fileEncoding = 4; lastKnownFileType = sourcecode.cpp.cpp; path = "Exercise 4.cpp"; sourceTree = "<group>"; };
		827FE5E5222E301A006B38E2 /* Lesson 4.2 - array cpp */ = {isa = PBXFileReference; fileEncoding = 4; lastKnownFileType = text; path = "Lesson 4.2 - array cpp"; sourceTree = "<group>"; };
		827FE5E9222E301A006B38E2 /* Lesson 4.4 - dyn array.cpp */ = {isa = PBXFileReference; fileEncoding = 4; lastKnownFileType = sourcecode.cpp.cpp; path = "Lesson 4.4 - dyn array.cpp"; sourceTree = "<group>"; };
		827FE5F3222E3024006B38E2 /* Lesson 3 - Exercise.cpp */ = {isa = PBXFileReference; fileEncoding = 4; lastKnownFileType = sourcecode.cpp.cpp; path = "Lesson 3 - Exercise.cpp"; sourceTree = "<group>"; };
		827FE5F5222E3024006B38E2 /* Lesson 3.3 - const.cpp */ = {isa = PBXFileReference; fileEncoding = 4; lastKnownFileType = sourcecode.cpp.cpp; path = "Lesson 3.3 - const.cpp"; sourceTree = "<group>"; };
		827FE5F6222E3024006B38E2 /* Lesson 3.2 - type auto.cpp */ = {isa = PBXFileReference; fileEncoding = 4; lastKnownFileType = sourcecode.cpp.cpp; path = "Lesson 3.2 - type auto.cpp"; sourceTree = "<group>"; };
		827FE5F7222E3024006B38E2 /* Lesson 3.1 - sizeof.cpp */ = {isa = PBXFileReference; fileEncoding = 4; lastKnownFileType = sourcecode.cpp.cpp; path = "Lesson 3.1 - sizeof.cpp"; sourceTree = "<group>"; };
		827FE5F9222E3024006B38E2 /* Lesson 3.4 - constexpr.cpp */ = {isa = PBXFileReference; fileEncoding = 4; lastKnownFileType = sourcecode.cpp.cpp; path = "Lesson 3.4 - constexpr.cpp"; sourceTree = "<group>"; };
		827FE602222E302E006B38E2 /* Lesson 2 - Exercise.cpp */ = {isa = PBXFileReference; fileEncoding = 4; lastKnownFileType = sourcecode.cpp.cpp; path = "Lesson 2 - Exercise.cpp"; sourceTree = "<group>"; };
		827FE603222E302E006B38E2 /* Lesson2.cpp */ = {isa = PBXFileReference; fileEncoding = 4; lastKnownFileType = sourcecode.cpp.cpp; path = Lesson2.cpp; sourceTree = "<group>"; };
		827FE609222E62D3006B38E2 /* Lesson 6.1 - if...else....cpp */ = {isa = PBXFileReference; lastKnownFileType = sourcecode.cpp.cpp; path = "Lesson 6.1 - if...else....cpp"; sourceTree = "<group>"; };
		827FE60C222E66CB006B38E2 /* Lesson 6.2 - compound statement.cpp */ = {isa = PBXFileReference; lastKnownFileType = sourcecode.cpp.cpp; path = "Lesson 6.2 - compound statement.cpp"; sourceTree = "<group>"; };
		827FE60F222E68DF006B38E2 /* Lesson 6.3 - elif in C++.cpp */ = {isa = PBXFileReference; lastKnownFileType = sourcecode.cpp.cpp; path = "Lesson 6.3 - elif in C++.cpp"; sourceTree = "<group>"; };
		827FE614222E6E25006B38E2 /* Lesson 6.4 - true elif in C++.cpp */ = {isa = PBXFileReference; lastKnownFileType = sourcecode.cpp.cpp; path = "Lesson 6.4 - true elif in C++.cpp"; sourceTree = "<group>"; };
		827FE617222E71D9006B38E2 /* Lesson 6.5 - switch case default return.cpp */ = {isa = PBXFileReference; lastKnownFileType = sourcecode.cpp.cpp; path = "Lesson 6.5 - switch case default return.cpp"; sourceTree = "<group>"; };
		827FE619222E7A4D006B38E2 /* Lesson 6.6 - another Condition Exception.cpp */ = {isa = PBXFileReference; lastKnownFileType = sourcecode.cpp.cpp; path = "Lesson 6.6 - another Condition Exception.cpp"; sourceTree = "<group>"; };
		82CAE033216F600F00087482 /* learningCplusplus */ = {isa = PBXFileReference; explicitFileType = "compiled.mach-o.executable"; includeInIndex = 0; path = learningCplusplus; sourceTree = BUILT_PRODUCTS_DIR; };
/* End PBXFileReference section */

/* Begin PBXFrameworksBuildPhase section */
		82CAE030216F600F00087482 /* Frameworks */ = {
			isa = PBXFrameworksBuildPhase;
			buildActionMask = 2147483647;
			files = (
			);
			runOnlyForDeploymentPostprocessing = 0;
		};
/* End PBXFrameworksBuildPhase section */

/* Begin PBXGroup section */
		821793682231153800008C0E /* Lesson 5 */ = {
			isa = PBXGroup;
			children = (
				8217936C2231168600008C0E /* Lesson 5.cpp */,
			);
			name = "Lesson 5";
			path = "Lesson 7";
			sourceTree = "<group>";
		};
		827C298322228C14005D86E1 /* Lesson 2 */ = {
			isa = PBXGroup;
			children = (
				827FE602222E302E006B38E2 /* Lesson 2 - Exercise.cpp */,
				827FE603222E302E006B38E2 /* Lesson2.cpp */,
				827C298022228C09005D86E1 /* Lesson 2.cpp */,
			);
			path = "Lesson 2";
			sourceTree = "<group>";
		};
		827FE5DE222E2F74006B38E2 /* Lesson 3 */ = {
			isa = PBXGroup;
			children = (
				827FE5F7222E3024006B38E2 /* Lesson 3.1 - sizeof.cpp */,
				827FE5F6222E3024006B38E2 /* Lesson 3.2 - type auto.cpp */,
				827FE5F5222E3024006B38E2 /* Lesson 3.3 - const.cpp */,
				827FE5F9222E3024006B38E2 /* Lesson 3.4 - constexpr.cpp */,
				827FE5F3222E3024006B38E2 /* Lesson 3 - Exercise.cpp */,
			);
			path = "Lesson 3";
			sourceTree = "<group>";
		};
		827FE5DF222E2F7A006B38E2 /* Lesson 4 */ = {
			isa = PBXGroup;
			children = (
				827FE5E2222E301A006B38E2 /* Lesson 4.1  - enum.cpp */,
				827FE5E5222E301A006B38E2 /* Lesson 4.2 - array cpp */,
				827FE5E3222E301A006B38E2 /* Lesson 4.3 - 2D array.cpp */,
				827FE5E9222E301A006B38E2 /* Lesson 4.4 - dyn array.cpp */,
				827FE5E0222E301A006B38E2 /* Lesson 4.5 - C-style string.cpp */,
				827FE5E1222E301A006B38E2 /* Lesson 4.6 - C++ string.cpp */,
				827FE5E4222E301A006B38E2 /* Exercise 4.cpp */,
			);
			path = "Lesson 4";
			sourceTree = "<group>";
		};
		827FE608222E62C3006B38E2 /* Lesson 6 */ = {
			isa = PBXGroup;
			children = (
				827FE609222E62D3006B38E2 /* Lesson 6.1 - if...else....cpp */,
				827FE60C222E66CB006B38E2 /* Lesson 6.2 - compound statement.cpp */,
				827FE60F222E68DF006B38E2 /* Lesson 6.3 - elif in C++.cpp */,
				827FE614222E6E25006B38E2 /* Lesson 6.4 - true elif in C++.cpp */,
				827FE617222E71D9006B38E2 /* Lesson 6.5 - switch case default return.cpp */,
				827FE619222E7A4D006B38E2 /* Lesson 6.6 - another Condition Exception.cpp */,
				821793612230F90D00008C0E /* Lesson 6.7 - while loop.cpp */,
				8217936322310DC100008C0E /* Lesson 6.8 - for loop.cpp */,
				821793662231136500008C0E /* Lesson 6.9 - for loop 2.cpp */,
			);
			path = "Lesson 6";
			sourceTree = "<group>";
		};
		82CAE02A216F600F00087482 = {
			isa = PBXGroup;
			children = (
				827FE608222E62C3006B38E2 /* Lesson 6 */,
				821793682231153800008C0E /* Lesson 5 */,
				827FE5DF222E2F7A006B38E2 /* Lesson 4 */,
				827FE5DE222E2F74006B38E2 /* Lesson 3 */,
				827C298322228C14005D86E1 /* Lesson 2 */,
				82CAE035216F600F00087482 /* Lesson 1 */,
				82CAE034216F600F00087482 /* Products */,
			);
			sourceTree = "<group>";
		};
		82CAE034216F600F00087482 /* Products */ = {
			isa = PBXGroup;
			children = (
				82CAE033216F600F00087482 /* learningCplusplus */,
			);
			name = Products;
			sourceTree = "<group>";
		};
		82CAE035216F600F00087482 /* Lesson 1 */ = {
			isa = PBXGroup;
			children = (
				827C297E22228844005D86E1 /* Lesson 1 - Exercise.cpp */,
			);
			path = "Lesson 1";
			sourceTree = "<group>";
		};
/* End PBXGroup section */

/* Begin PBXNativeTarget section */
		82CAE032216F600F00087482 /* learningCplusplus */ = {
			isa = PBXNativeTarget;
			buildConfigurationList = 82CAE03A216F600F00087482 /* Build configuration list for PBXNativeTarget "learningCplusplus" */;
			buildPhases = (
				82CAE02F216F600F00087482 /* Sources */,
				82CAE030216F600F00087482 /* Frameworks */,
				82CAE031216F600F00087482 /* CopyFiles */,
			);
			buildRules = (
			);
			dependencies = (
			);
			name = learningCplusplus;
			productName = learningCplusplus;
			productReference = 82CAE033216F600F00087482 /* learningCplusplus */;
			productType = "com.apple.product-type.tool";
		};
/* End PBXNativeTarget section */

/* Begin PBXProject section */
		82CAE02B216F600F00087482 /* Project object */ = {
			isa = PBXProject;
			attributes = {
				LastUpgradeCheck = 0940;
				ORGANIZATIONNAME = "See Ho Leung";
				TargetAttributes = {
					82CAE032216F600F00087482 = {
						CreatedOnToolsVersion = 9.4.1;
					};
				};
			};
			buildConfigurationList = 82CAE02E216F600F00087482 /* Build configuration list for PBXProject "learningCplusplus" */;
			compatibilityVersion = "Xcode 9.3";
			developmentRegion = en;
			hasScannedForEncodings = 0;
			knownRegions = (
				en,
			);
			mainGroup = 82CAE02A216F600F00087482;
			productRefGroup = 82CAE034216F600F00087482 /* Products */;
			projectDirPath = "";
			projectRoot = "";
			targets = (
				82CAE032216F600F00087482 /* learningCplusplus */,
			);
		};
/* End PBXProject section */

/* Begin PBXSourcesBuildPhase section */
		82CAE02F216F600F00087482 /* Sources */ = {
			isa = PBXSourcesBuildPhase;
			buildActionMask = 2147483647;
			files = (
				8217936E2231168600008C0E /* Lesson 5.cpp in Sources */,
			);
			runOnlyForDeploymentPostprocessing = 0;
		};
/* End PBXSourcesBuildPhase section */

/* Begin XCBuildConfiguration section */
		82CAE038216F600F00087482 /* Debug */ = {
			isa = XCBuildConfiguration;
			buildSettings = {
				ALWAYS_SEARCH_USER_PATHS = NO;
				CLANG_ANALYZER_NONNULL = YES;
				CLANG_ANALYZER_NUMBER_OBJECT_CONVERSION = YES_AGGRESSIVE;
				CLANG_CXX_LANGUAGE_STANDARD = "gnu++14";
				CLANG_CXX_LIBRARY = "libc++";
				CLANG_ENABLE_MODULES = YES;
				CLANG_ENABLE_OBJC_ARC = YES;
				CLANG_ENABLE_OBJC_WEAK = YES;
				CLANG_WARN_BLOCK_CAPTURE_AUTORELEASING = YES;
				CLANG_WARN_BOOL_CONVERSION = YES;
				CLANG_WARN_COMMA = YES;
				CLANG_WARN_CONSTANT_CONVERSION = YES;
				CLANG_WARN_DEPRECATED_OBJC_IMPLEMENTATIONS = YES;
				CLANG_WARN_DIRECT_OBJC_ISA_USAGE = YES_ERROR;
				CLANG_WARN_DOCUMENTATION_COMMENTS = YES;
				CLANG_WARN_EMPTY_BODY = YES;
				CLANG_WARN_ENUM_CONVERSION = YES;
				CLANG_WARN_INFINITE_RECURSION = YES;
				CLANG_WARN_INT_CONVERSION = YES;
				CLANG_WARN_NON_LITERAL_NULL_CONVERSION = YES;
				CLANG_WARN_OBJC_IMPLICIT_RETAIN_SELF = YES;
				CLANG_WARN_OBJC_LITERAL_CONVERSION = YES;
				CLANG_WARN_OBJC_ROOT_CLASS = YES_ERROR;
				CLANG_WARN_RANGE_LOOP_ANALYSIS = YES;
				CLANG_WARN_STRICT_PROTOTYPES = YES;
				CLANG_WARN_SUSPICIOUS_MOVE = YES;
				CLANG_WARN_UNGUARDED_AVAILABILITY = YES_AGGRESSIVE;
				CLANG_WARN_UNREACHABLE_CODE = YES;
				CLANG_WARN__DUPLICATE_METHOD_MATCH = YES;
				CODE_SIGN_IDENTITY = "-";
				COPY_PHASE_STRIP = NO;
				DEBUG_INFORMATION_FORMAT = dwarf;
				ENABLE_STRICT_OBJC_MSGSEND = YES;
				ENABLE_TESTABILITY = YES;
				GCC_C_LANGUAGE_STANDARD = gnu11;
				GCC_DYNAMIC_NO_PIC = NO;
				GCC_NO_COMMON_BLOCKS = YES;
				GCC_OPTIMIZATION_LEVEL = 0;
				GCC_PREPROCESSOR_DEFINITIONS = (
					"DEBUG=1",
					"$(inherited)",
				);
				GCC_WARN_64_TO_32_BIT_CONVERSION = YES;
				GCC_WARN_ABOUT_RETURN_TYPE = YES_ERROR;
				GCC_WARN_UNDECLARED_SELECTOR = YES;
				GCC_WARN_UNINITIALIZED_AUTOS = YES_AGGRESSIVE;
				GCC_WARN_UNUSED_FUNCTION = YES;
				GCC_WARN_UNUSED_VARIABLE = YES;
				MACOSX_DEPLOYMENT_TARGET = 10.13;
				MTL_ENABLE_DEBUG_INFO = YES;
				ONLY_ACTIVE_ARCH = YES;
				SDKROOT = macosx;
			};
			name = Debug;
		};
		82CAE039216F600F00087482 /* Release */ = {
			isa = XCBuildConfiguration;
			buildSettings = {
				ALWAYS_SEARCH_USER_PATHS = NO;
				CLANG_ANALYZER_NONNULL = YES;
				CLANG_ANALYZER_NUMBER_OBJECT_CONVERSION = YES_AGGRESSIVE;
				CLANG_CXX_LANGUAGE_STANDARD = "gnu++14";
				CLANG_CXX_LIBRARY = "libc++";
				CLANG_ENABLE_MODULES = YES;
				CLANG_ENABLE_OBJC_ARC = YES;
				CLANG_ENABLE_OBJC_WEAK = YES;
				CLANG_WARN_BLOCK_CAPTURE_AUTORELEASING = YES;
				CLANG_WARN_BOOL_CONVERSION = YES;
				CLANG_WARN_COMMA = YES;
				CLANG_WARN_CONSTANT_CONVERSION = YES;
				CLANG_WARN_DEPRECATED_OBJC_IMPLEMENTATIONS = YES;
				CLANG_WARN_DIRECT_OBJC_ISA_USAGE = YES_ERROR;
				CLANG_WARN_DOCUMENTATION_COMMENTS = YES;
				CLANG_WARN_EMPTY_BODY = YES;
				CLANG_WARN_ENUM_CONVERSION = YES;
				CLANG_WARN_INFINITE_RECURSION = YES;
				CLANG_WARN_INT_CONVERSION = YES;
				CLANG_WARN_NON_LITERAL_NULL_CONVERSION = YES;
				CLANG_WARN_OBJC_IMPLICIT_RETAIN_SELF = YES;
				CLANG_WARN_OBJC_LITERAL_CONVERSION = YES;
				CLANG_WARN_OBJC_ROOT_CLASS = YES_ERROR;
				CLANG_WARN_RANGE_LOOP_ANALYSIS = YES;
				CLANG_WARN_STRICT_PROTOTYPES = YES;
				CLANG_WARN_SUSPICIOUS_MOVE = YES;
				CLANG_WARN_UNGUARDED_AVAILABILITY = YES_AGGRESSIVE;
				CLANG_WARN_UNREACHABLE_CODE = YES;
				CLANG_WARN__DUPLICATE_METHOD_MATCH = YES;
				CODE_SIGN_IDENTITY = "-";
				COPY_PHASE_STRIP = NO;
				DEBUG_INFORMATION_FORMAT = "dwarf-with-dsym";
				ENABLE_NS_ASSERTIONS = NO;
				ENABLE_STRICT_OBJC_MSGSEND = YES;
				GCC_C_LANGUAGE_STANDARD = gnu11;
				GCC_NO_COMMON_BLOCKS = YES;
				GCC_WARN_64_TO_32_BIT_CONVERSION = YES;
				GCC_WARN_ABOUT_RETURN_TYPE = YES_ERROR;
				GCC_WARN_UNDECLARED_SELECTOR = YES;
				GCC_WARN_UNINITIALIZED_AUTOS = YES_AGGRESSIVE;
				GCC_WARN_UNUSED_FUNCTION = YES;
				GCC_WARN_UNUSED_VARIABLE = YES;
				MACOSX_DEPLOYMENT_TARGET = 10.13;
				MTL_ENABLE_DEBUG_INFO = NO;
				SDKROOT = macosx;
			};
			name = Release;
		};
		82CAE03B216F600F00087482 /* Debug */ = {
			isa = XCBuildConfiguration;
			buildSettings = {
				CODE_SIGN_STYLE = Automatic;
				PRODUCT_NAME = "$(TARGET_NAME)";
			};
			name = Debug;
		};
		82CAE03C216F600F00087482 /* Release */ = {
			isa = XCBuildConfiguration;
			buildSettings = {
				CODE_SIGN_STYLE = Automatic;
				PRODUCT_NAME = "$(TARGET_NAME)";
			};
			name = Release;
		};
/* End XCBuildConfiguration section */

/* Begin XCConfigurationList section */
		82CAE02E216F600F00087482 /* Build configuration list for PBXProject "learningCplusplus" */ = {
			isa = XCConfigurationList;
			buildConfigurations = (
				82CAE038216F600F00087482 /* Debug */,
				82CAE039216F600F00087482 /* Release */,
			);
			defaultConfigurationIsVisible = 0;
			defaultConfigurationName = Release;
		};
		82CAE03A216F600F00087482 /* Build configuration list for PBXNativeTarget "learningCplusplus" */ = {
			isa = XCConfigurationList;
			buildConfigurations = (
				82CAE03B216F600F00087482 /* Debug */,
				82CAE03C216F600F00087482 /* Release */,
			);
			defaultConfigurationIsVisible = 0;
			defaultConfigurationName = Release;
		};
/* End XCConfigurationList section */
	};
	rootObject = 82CAE02B216F600F00087482 /* Project object */;
}
